// !$*UTF8*$!
{
	archiveVersion = 1;
	classes = {
	};
	objectVersion = 55;
	objects = {

/* Begin PBXBuildFile section */
		1F0BED3B27A4143200B88FB7 /* day05.swift in Sources */ = {isa = PBXBuildFile; fileRef = 1F0BED3A27A4143200B88FB7 /* day05.swift */; };
		1F0BED3D27A4144000B88FB7 /* day06.swift in Sources */ = {isa = PBXBuildFile; fileRef = 1F0BED3C27A4144000B88FB7 /* day06.swift */; };
		1F2607D5279B157F00A88D1E /* main.swift in Sources */ = {isa = PBXBuildFile; fileRef = 1F2607D4279B157F00A88D1E /* main.swift */; };
		1F2607DC279B160400A88D1E /* util.swift in Sources */ = {isa = PBXBuildFile; fileRef = 1F2607DB279B160400A88D1E /* util.swift */; };
		1F2607DE279B164E00A88D1E /* day01.swift in Sources */ = {isa = PBXBuildFile; fileRef = 1F2607DD279B164E00A88D1E /* day01.swift */; };
		1F2607E7279C476A00A88D1E /* day02.swift in Sources */ = {isa = PBXBuildFile; fileRef = 1F2607E6279C476A00A88D1E /* day02.swift */; };
		1F2607ED279F139A00A88D1E /* day03.swift in Sources */ = {isa = PBXBuildFile; fileRef = 1F2607EC279F139A00A88D1E /* day03.swift */; };
		1F2607EF279F44A800A88D1E /* day04.swift in Sources */ = {isa = PBXBuildFile; fileRef = 1F2607EE279F44A800A88D1E /* day04.swift */; };
		1F7490D627BC51E1007FA022 /* day09.swift in Sources */ = {isa = PBXBuildFile; fileRef = 1F7490D527BC51E1007FA022 /* day09.swift */; };
		1F7490F527C00EED007FA022 /* graph.swift in Sources */ = {isa = PBXBuildFile; fileRef = 1F7490F427C00EED007FA022 /* graph.swift */; };
		1F7490F927C28C4C007FA022 /* day10.swift in Sources */ = {isa = PBXBuildFile; fileRef = 1F7490F827C28C4C007FA022 /* day10.swift */; };
		1F8AAB1E27AB1D4200A4E930 /* day07.swift in Sources */ = {isa = PBXBuildFile; fileRef = 1F8AAB1D27AB1D4100A4E930 /* day07.swift */; };
		1FF61FA627AEC27A008B1249 /* day08.swift in Sources */ = {isa = PBXBuildFile; fileRef = 1FF61FA527AEC27A008B1249 /* day08.swift */; };
/* End PBXBuildFile section */

/* Begin PBXCopyFilesBuildPhase section */
		1F2607CF279B157F00A88D1E /* CopyFiles */ = {
			isa = PBXCopyFilesBuildPhase;
			buildActionMask = 2147483647;
			dstPath = /usr/share/man/man1;
			dstSubfolderSpec = 0;
			files = (
			);
			runOnlyForDeploymentPostprocessing = 1;
		};
/* End PBXCopyFilesBuildPhase section */

/* Begin PBXFileReference section */
		1F0BED3A27A4143200B88FB7 /* day05.swift */ = {isa = PBXFileReference; lastKnownFileType = sourcecode.swift; path = day05.swift; sourceTree = "<group>"; };
		1F0BED3C27A4144000B88FB7 /* day06.swift */ = {isa = PBXFileReference; lastKnownFileType = sourcecode.swift; path = day06.swift; sourceTree = "<group>"; };
		1F0BED3E27A414C300B88FB7 /* day05.test */ = {isa = PBXFileReference; lastKnownFileType = text; path = day05.test; sourceTree = "<group>"; };
		1F0BED3F27A414D100B88FB7 /* day05.input */ = {isa = PBXFileReference; lastKnownFileType = text; path = day05.input; sourceTree = "<group>"; };
		1F2607D1279B157F00A88D1E /* AoC2015_Swift */ = {isa = PBXFileReference; explicitFileType = "compiled.mach-o.executable"; includeInIndex = 0; path = AoC2015_Swift; sourceTree = BUILT_PRODUCTS_DIR; };
		1F2607D4279B157F00A88D1E /* main.swift */ = {isa = PBXFileReference; lastKnownFileType = sourcecode.swift; path = main.swift; sourceTree = "<group>"; };
		1F2607DB279B160400A88D1E /* util.swift */ = {isa = PBXFileReference; fileEncoding = 4; lastKnownFileType = sourcecode.swift; path = util.swift; sourceTree = "<group>"; };
		1F2607DD279B164E00A88D1E /* day01.swift */ = {isa = PBXFileReference; fileEncoding = 4; lastKnownFileType = sourcecode.swift; path = day01.swift; sourceTree = "<group>"; };
		1F2607DF279B168700A88D1E /* day01.test */ = {isa = PBXFileReference; lastKnownFileType = text; path = day01.test; sourceTree = "<group>"; };
		1F2607E0279B169800A88D1E /* day01.input */ = {isa = PBXFileReference; lastKnownFileType = text; path = day01.input; sourceTree = "<group>"; };
		1F2607E6279C476A00A88D1E /* day02.swift */ = {isa = PBXFileReference; lastKnownFileType = sourcecode.swift; path = day02.swift; sourceTree = "<group>"; };
		1F2607E8279C478E00A88D1E /* day02.test */ = {isa = PBXFileReference; lastKnownFileType = text; path = day02.test; sourceTree = "<group>"; };
		1F2607E9279C47A100A88D1E /* day02.input */ = {isa = PBXFileReference; lastKnownFileType = text; path = day02.input; sourceTree = "<group>"; };
		1F2607EA279F137F00A88D1E /* day03.test */ = {isa = PBXFileReference; lastKnownFileType = text; path = day03.test; sourceTree = "<group>"; };
		1F2607EB279F138B00A88D1E /* day03.input */ = {isa = PBXFileReference; lastKnownFileType = text; path = day03.input; sourceTree = "<group>"; };
		1F2607EC279F139A00A88D1E /* day03.swift */ = {isa = PBXFileReference; lastKnownFileType = sourcecode.swift; path = day03.swift; sourceTree = "<group>"; };
		1F2607EE279F44A800A88D1E /* day04.swift */ = {isa = PBXFileReference; lastKnownFileType = sourcecode.swift; path = day04.swift; sourceTree = "<group>"; };
		1F7490D527BC51E1007FA022 /* day09.swift */ = {isa = PBXFileReference; lastKnownFileType = sourcecode.swift; path = day09.swift; sourceTree = "<group>"; };
		1F7490D727BC5201007FA022 /* day09.test */ = {isa = PBXFileReference; lastKnownFileType = text; path = day09.test; sourceTree = "<group>"; };
		1F7490D827BC520C007FA022 /* day09.input */ = {isa = PBXFileReference; lastKnownFileType = text; path = day09.input; sourceTree = "<group>"; };
		1F7490F427C00EED007FA022 /* graph.swift */ = {isa = PBXFileReference; lastKnownFileType = sourcecode.swift; path = graph.swift; sourceTree = "<group>"; };
		1F7490F827C28C4C007FA022 /* day10.swift */ = {isa = PBXFileReference; lastKnownFileType = sourcecode.swift; path = day10.swift; sourceTree = "<group>"; };
		1F7490FA27C28C6D007FA022 /* day10.test */ = {isa = PBXFileReference; lastKnownFileType = text; path = day10.test; sourceTree = "<group>"; };
		1F7490FB27C28C7D007FA022 /* day10.input */ = {isa = PBXFileReference; lastKnownFileType = text; path = day10.input; sourceTree = "<group>"; };
		1F8AAB1527A970B800A4E930 /* day06.test */ = {isa = PBXFileReference; lastKnownFileType = text; path = day06.test; sourceTree = "<group>"; };
		1F8AAB1627A970DB00A4E930 /* day06.input */ = {isa = PBXFileReference; lastKnownFileType = text; path = day06.input; sourceTree = "<group>"; };
		1F8AAB1D27AB1D4100A4E930 /* day07.swift */ = {isa = PBXFileReference; lastKnownFileType = sourcecode.swift; path = day07.swift; sourceTree = "<group>"; };
		1F8AAB1F27AB1D6400A4E930 /* day07.test */ = {isa = PBXFileReference; lastKnownFileType = text; path = day07.test; sourceTree = "<group>"; };
		1F8AAB2027AB1D7200A4E930 /* day07.input */ = {isa = PBXFileReference; lastKnownFileType = text; path = day07.input; sourceTree = "<group>"; };
		1FF61FA327AEC253008B1249 /* day08.test */ = {isa = PBXFileReference; lastKnownFileType = text; path = day08.test; sourceTree = "<group>"; };
		1FF61FA427AEC26C008B1249 /* day08.input */ = {isa = PBXFileReference; lastKnownFileType = text; path = day08.input; sourceTree = "<group>"; };
		1FF61FA527AEC27A008B1249 /* day08.swift */ = {isa = PBXFileReference; lastKnownFileType = sourcecode.swift; path = day08.swift; sourceTree = "<group>"; };
/* End PBXFileReference section */

/* Begin PBXFrameworksBuildPhase section */
		1F2607CE279B157F00A88D1E /* Frameworks */ = {
			isa = PBXFrameworksBuildPhase;
			buildActionMask = 2147483647;
			files = (
			);
			runOnlyForDeploymentPostprocessing = 0;
		};
/* End PBXFrameworksBuildPhase section */

/* Begin PBXGroup section */
		1F2607C8279B157F00A88D1E = {
			isa = PBXGroup;
			children = (
				1F2607D3279B157F00A88D1E /* AoC2015_Swift */,
				1F2607D2279B157F00A88D1E /* Products */,
			);
			sourceTree = "<group>";
		};
		1F2607D2279B157F00A88D1E /* Products */ = {
			isa = PBXGroup;
			children = (
				1F2607D1279B157F00A88D1E /* AoC2015_Swift */,
			);
			name = Products;
			sourceTree = "<group>";
		};
		1F2607D3279B157F00A88D1E /* AoC2015_Swift */ = {
			isa = PBXGroup;
			children = (
				1F2607DD279B164E00A88D1E /* day01.swift */,
				1F2607E6279C476A00A88D1E /* day02.swift */,
				1F2607DB279B160400A88D1E /* util.swift */,
				1F7490F427C00EED007FA022 /* graph.swift */,
				1F2607D4279B157F00A88D1E /* main.swift */,
				1F2607EC279F139A00A88D1E /* day03.swift */,
				1F2607EE279F44A800A88D1E /* day04.swift */,
				1F0BED3A27A4143200B88FB7 /* day05.swift */,
				1F0BED3C27A4144000B88FB7 /* day06.swift */,
				1F8AAB1D27AB1D4100A4E930 /* day07.swift */,
				1FF61FA527AEC27A008B1249 /* day08.swift */,
				1F7490D527BC51E1007FA022 /* day09.swift */,
				1F7490F827C28C4C007FA022 /* day10.swift */,
				1F2607E1279B16AD00A88D1E /* Resources */,
			);
			path = AoC2015_Swift;
			sourceTree = "<group>";
		};
		1F2607E1279B16AD00A88D1E /* Resources */ = {
			isa = PBXGroup;
			children = (
				1F2607DF279B168700A88D1E /* day01.test */,
				1F2607E0279B169800A88D1E /* day01.input */,
				1F2607E8279C478E00A88D1E /* day02.test */,
				1F2607E9279C47A100A88D1E /* day02.input */,
				1F2607EA279F137F00A88D1E /* day03.test */,
				1F2607EB279F138B00A88D1E /* day03.input */,
				1F0BED3E27A414C300B88FB7 /* day05.test */,
				1F0BED3F27A414D100B88FB7 /* day05.input */,
				1F8AAB1527A970B800A4E930 /* day06.test */,
				1F8AAB1627A970DB00A4E930 /* day06.input */,
				1F8AAB1F27AB1D6400A4E930 /* day07.test */,
				1F8AAB2027AB1D7200A4E930 /* day07.input */,
				1FF61FA327AEC253008B1249 /* day08.test */,
				1FF61FA427AEC26C008B1249 /* day08.input */,
				1F7490D727BC5201007FA022 /* day09.test */,
				1F7490D827BC520C007FA022 /* day09.input */,
				1F7490FA27C28C6D007FA022 /* day10.test */,
				1F7490FB27C28C7D007FA022 /* day10.input */,
			);
			path = Resources;
			sourceTree = "<group>";
		};
/* End PBXGroup section */

/* Begin PBXNativeTarget section */
		1F2607D0279B157F00A88D1E /* AoC2015_Swift */ = {
			isa = PBXNativeTarget;
			buildConfigurationList = 1F2607D8279B157F00A88D1E /* Build configuration list for PBXNativeTarget "AoC2015_Swift" */;
			buildPhases = (
				1F2607CD279B157F00A88D1E /* Sources */,
				1F2607CE279B157F00A88D1E /* Frameworks */,
				1F2607CF279B157F00A88D1E /* CopyFiles */,
			);
			buildRules = (
			);
			dependencies = (
			);
			name = AoC2015_Swift;
			productName = AoC2015_Swift;
			productReference = 1F2607D1279B157F00A88D1E /* AoC2015_Swift */;
			productType = "com.apple.product-type.tool";
		};
/* End PBXNativeTarget section */

/* Begin PBXProject section */
		1F2607C9279B157F00A88D1E /* Project object */ = {
			isa = PBXProject;
			attributes = {
				BuildIndependentTargetsInParallel = 1;
				KnownAssetTags = (
					New,
				);
				LastSwiftUpdateCheck = 1320;
				LastUpgradeCheck = 1320;
				TargetAttributes = {
					1F2607D0279B157F00A88D1E = {
						CreatedOnToolsVersion = 13.2;
					};
				};
			};
			buildConfigurationList = 1F2607CC279B157F00A88D1E /* Build configuration list for PBXProject "AoC2015_Swift" */;
			compatibilityVersion = "Xcode 13.0";
			developmentRegion = en;
			hasScannedForEncodings = 0;
			knownRegions = (
				en,
				Base,
			);
			mainGroup = 1F2607C8279B157F00A88D1E;
			productRefGroup = 1F2607D2279B157F00A88D1E /* Products */;
			projectDirPath = "";
			projectRoot = "";
			targets = (
				1F2607D0279B157F00A88D1E /* AoC2015_Swift */,
			);
		};
/* End PBXProject section */

/* Begin PBXSourcesBuildPhase section */
		1F2607CD279B157F00A88D1E /* Sources */ = {
			isa = PBXSourcesBuildPhase;
			buildActionMask = 2147483647;
			files = (
				1F2607D5279B157F00A88D1E /* main.swift in Sources */,
				1F2607DC279B160400A88D1E /* util.swift in Sources */,
				1FF61FA627AEC27A008B1249 /* day08.swift in Sources */,
				1F0BED3D27A4144000B88FB7 /* day06.swift in Sources */,
				1F7490F927C28C4C007FA022 /* day10.swift in Sources */,
				1F7490F527C00EED007FA022 /* graph.swift in Sources */,
				1F2607EF279F44A800A88D1E /* day04.swift in Sources */,
				1F2607ED279F139A00A88D1E /* day03.swift in Sources */,
				1F2607E7279C476A00A88D1E /* day02.swift in Sources */,
				1F0BED3B27A4143200B88FB7 /* day05.swift in Sources */,
				1F2607DE279B164E00A88D1E /* day01.swift in Sources */,
				1F8AAB1E27AB1D4200A4E930 /* day07.swift in Sources */,
				1F7490D627BC51E1007FA022 /* day09.swift in Sources */,
			);
			runOnlyForDeploymentPostprocessing = 0;
		};
/* End PBXSourcesBuildPhase section */

/* Begin XCBuildConfiguration section */
		1F2607D6279B157F00A88D1E /* Debug */ = {
			isa = XCBuildConfiguration;
			buildSettings = {
				ALWAYS_SEARCH_USER_PATHS = NO;
				CLANG_ANALYZER_NONNULL = YES;
				CLANG_ANALYZER_NUMBER_OBJECT_CONVERSION = YES_AGGRESSIVE;
				CLANG_CXX_LANGUAGE_STANDARD = "gnu++17";
				CLANG_CXX_LIBRARY = "libc++";
				CLANG_ENABLE_MODULES = YES;
				CLANG_ENABLE_OBJC_ARC = YES;
				CLANG_ENABLE_OBJC_WEAK = YES;
				CLANG_WARN_BLOCK_CAPTURE_AUTORELEASING = YES;
				CLANG_WARN_BOOL_CONVERSION = YES;
				CLANG_WARN_COMMA = YES;
				CLANG_WARN_CONSTANT_CONVERSION = YES;
				CLANG_WARN_DEPRECATED_OBJC_IMPLEMENTATIONS = YES;
				CLANG_WARN_DIRECT_OBJC_ISA_USAGE = YES_ERROR;
				CLANG_WARN_DOCUMENTATION_COMMENTS = YES;
				CLANG_WARN_EMPTY_BODY = YES;
				CLANG_WARN_ENUM_CONVERSION = YES;
				CLANG_WARN_INFINITE_RECURSION = YES;
				CLANG_WARN_INT_CONVERSION = YES;
				CLANG_WARN_NON_LITERAL_NULL_CONVERSION = YES;
				CLANG_WARN_OBJC_IMPLICIT_RETAIN_SELF = YES;
				CLANG_WARN_OBJC_LITERAL_CONVERSION = YES;
				CLANG_WARN_OBJC_ROOT_CLASS = YES_ERROR;
				CLANG_WARN_QUOTED_INCLUDE_IN_FRAMEWORK_HEADER = YES;
				CLANG_WARN_RANGE_LOOP_ANALYSIS = YES;
				CLANG_WARN_STRICT_PROTOTYPES = YES;
				CLANG_WARN_SUSPICIOUS_MOVE = YES;
				CLANG_WARN_UNGUARDED_AVAILABILITY = YES_AGGRESSIVE;
				CLANG_WARN_UNREACHABLE_CODE = YES;
				CLANG_WARN__DUPLICATE_METHOD_MATCH = YES;
				COPY_PHASE_STRIP = NO;
				DEBUG_INFORMATION_FORMAT = dwarf;
				ENABLE_STRICT_OBJC_MSGSEND = YES;
				ENABLE_TESTABILITY = YES;
				GCC_C_LANGUAGE_STANDARD = gnu11;
				GCC_DYNAMIC_NO_PIC = NO;
				GCC_NO_COMMON_BLOCKS = YES;
				GCC_OPTIMIZATION_LEVEL = 0;
				GCC_PREPROCESSOR_DEFINITIONS = (
					"DEBUG=1",
					"$(inherited)",
				);
				GCC_WARN_64_TO_32_BIT_CONVERSION = YES;
				GCC_WARN_ABOUT_RETURN_TYPE = YES_ERROR;
				GCC_WARN_UNDECLARED_SELECTOR = YES;
				GCC_WARN_UNINITIALIZED_AUTOS = YES_AGGRESSIVE;
				GCC_WARN_UNUSED_FUNCTION = YES;
				GCC_WARN_UNUSED_VARIABLE = YES;
				MACOSX_DEPLOYMENT_TARGET = 12.1;
				MTL_ENABLE_DEBUG_INFO = INCLUDE_SOURCE;
				MTL_FAST_MATH = YES;
				ONLY_ACTIVE_ARCH = YES;
				SDKROOT = macosx;
				SWIFT_ACTIVE_COMPILATION_CONDITIONS = DEBUG;
				SWIFT_OPTIMIZATION_LEVEL = "-Onone";
			};
			name = Debug;
		};
		1F2607D7279B157F00A88D1E /* Release */ = {
			isa = XCBuildConfiguration;
			buildSettings = {
				ALWAYS_SEARCH_USER_PATHS = NO;
				CLANG_ANALYZER_NONNULL = YES;
				CLANG_ANALYZER_NUMBER_OBJECT_CONVERSION = YES_AGGRESSIVE;
				CLANG_CXX_LANGUAGE_STANDARD = "gnu++17";
				CLANG_CXX_LIBRARY = "libc++";
				CLANG_ENABLE_MODULES = YES;
				CLANG_ENABLE_OBJC_ARC = YES;
				CLANG_ENABLE_OBJC_WEAK = YES;
				CLANG_WARN_BLOCK_CAPTURE_AUTORELEASING = YES;
				CLANG_WARN_BOOL_CONVERSION = YES;
				CLANG_WARN_COMMA = YES;
				CLANG_WARN_CONSTANT_CONVERSION = YES;
				CLANG_WARN_DEPRECATED_OBJC_IMPLEMENTATIONS = YES;
				CLANG_WARN_DIRECT_OBJC_ISA_USAGE = YES_ERROR;
				CLANG_WARN_DOCUMENTATION_COMMENTS = YES;
				CLANG_WARN_EMPTY_BODY = YES;
				CLANG_WARN_ENUM_CONVERSION = YES;
				CLANG_WARN_INFINITE_RECURSION = YES;
				CLANG_WARN_INT_CONVERSION = YES;
				CLANG_WARN_NON_LITERAL_NULL_CONVERSION = YES;
				CLANG_WARN_OBJC_IMPLICIT_RETAIN_SELF = YES;
				CLANG_WARN_OBJC_LITERAL_CONVERSION = YES;
				CLANG_WARN_OBJC_ROOT_CLASS = YES_ERROR;
				CLANG_WARN_QUOTED_INCLUDE_IN_FRAMEWORK_HEADER = YES;
				CLANG_WARN_RANGE_LOOP_ANALYSIS = YES;
				CLANG_WARN_STRICT_PROTOTYPES = YES;
				CLANG_WARN_SUSPICIOUS_MOVE = YES;
				CLANG_WARN_UNGUARDED_AVAILABILITY = YES_AGGRESSIVE;
				CLANG_WARN_UNREACHABLE_CODE = YES;
				CLANG_WARN__DUPLICATE_METHOD_MATCH = YES;
				COPY_PHASE_STRIP = NO;
				DEBUG_INFORMATION_FORMAT = "dwarf-with-dsym";
				ENABLE_NS_ASSERTIONS = NO;
				ENABLE_STRICT_OBJC_MSGSEND = YES;
				GCC_C_LANGUAGE_STANDARD = gnu11;
				GCC_NO_COMMON_BLOCKS = YES;
				GCC_WARN_64_TO_32_BIT_CONVERSION = YES;
				GCC_WARN_ABOUT_RETURN_TYPE = YES_ERROR;
				GCC_WARN_UNDECLARED_SELECTOR = YES;
				GCC_WARN_UNINITIALIZED_AUTOS = YES_AGGRESSIVE;
				GCC_WARN_UNUSED_FUNCTION = YES;
				GCC_WARN_UNUSED_VARIABLE = YES;
				MACOSX_DEPLOYMENT_TARGET = 12.1;
				MTL_ENABLE_DEBUG_INFO = NO;
				MTL_FAST_MATH = YES;
				SDKROOT = macosx;
				SWIFT_COMPILATION_MODE = wholemodule;
				SWIFT_OPTIMIZATION_LEVEL = "-O";
			};
			name = Release;
		};
		1F2607D9279B157F00A88D1E /* Debug */ = {
			isa = XCBuildConfiguration;
			buildSettings = {
				CODE_SIGN_STYLE = Automatic;
				MACOSX_DEPLOYMENT_TARGET = 12.0;
				PRODUCT_NAME = "$(TARGET_NAME)";
				SWIFT_VERSION = 5.0;
			};
			name = Debug;
		};
		1F2607DA279B157F00A88D1E /* Release */ = {
			isa = XCBuildConfiguration;
			buildSettings = {
				CODE_SIGN_STYLE = Automatic;
				MACOSX_DEPLOYMENT_TARGET = 12.0;
				PRODUCT_NAME = "$(TARGET_NAME)";
				SWIFT_VERSION = 5.0;
			};
			name = Release;
		};
/* End XCBuildConfiguration section */

/* Begin XCConfigurationList section */
		1F2607CC279B157F00A88D1E /* Build configuration list for PBXProject "AoC2015_Swift" */ = {
			isa = XCConfigurationList;
			buildConfigurations = (
				1F2607D6279B157F00A88D1E /* Debug */,
				1F2607D7279B157F00A88D1E /* Release */,
			);
			defaultConfigurationIsVisible = 0;
			defaultConfigurationName = Release;
		};
		1F2607D8279B157F00A88D1E /* Build configuration list for PBXNativeTarget "AoC2015_Swift" */ = {
			isa = XCConfigurationList;
			buildConfigurations = (
				1F2607D9279B157F00A88D1E /* Debug */,
				1F2607DA279B157F00A88D1E /* Release */,
			);
			defaultConfigurationIsVisible = 0;
			defaultConfigurationName = Release;
		};
/* End XCConfigurationList section */
	};
	rootObject = 1F2607C9279B157F00A88D1E /* Project object */;
}
